lockfileVersion: '9.0'

settings:
  autoInstallPeers: true
  excludeLinksFromLockfile: false

importers:

  .:
    devDependencies:
      globals:
        specifier: ^17.7.0
        version: 17.7.0

packages:

  globals@17.7.0:
    resolution: {integrity: sha512-Czmyns5dUsq4seFBR/Kdydhmo8y9kC79hiSkPn0YcGtNnYWnrgt0vjrSjx9tspoDGWm2CMarffRuLjM4xUz8xg==}
    engines: {node: '>=18'}

snapshots:

  globals@17.7.0: {}
