lockfileVersion: '9.0'

settings:
  autoInstallPeers: true
  excludeLinksFromLockfile: false

importers:

  .:
    devDependencies:
      globals:
        specifier: ^17.5.0
        version: 17.5.0

packages:

  globals@17.5.0:
    resolution: {integrity: sha512-qoV+HK2yFl/366t2/Cb3+xxPUo5BuMynomoDmiaZBIdbs+0pYbjfZU+twLhGKp4uCZ/+NbtpVepH5bGCxRyy2g==}
    engines: {node: '>=18'}

snapshots:

  globals@17.5.0: {}
