lockfileVersion: '9.0'

settings:
  autoInstallPeers: true
  excludeLinksFromLockfile: false

importers:

  .:
    devDependencies:
      globals:
        specifier: ^17.12.0
        version: 17.12.0

packages:

  globals@17.12.0:
    resolution: {integrity: sha512-cezEd/DTyyht9cvSSURyygXPfy04GtWO/5e6ZPvH7fCtjKz9PYOmuawphw1Ctd1f6C+5JypXfGD7ahNMXvevBA==}
    engines: {node: '>=18'}

snapshots:

  globals@17.12.0: {}
